
Microsoft Visual Studio Solution File, Format Version 12.00
# Visual Studio Version 16
VisualStudioVersion = 16.0.30320.27
MinimumVisualStudioVersion = 10.0.40219.1
Project("{FAE04EC0-301F-11D3-BF4B-00C04F79EFBC}") = "yentrapragada", "yentrapragada.csproj", "{5112BEA9-C3DA-4B6E-83B9-7E52B27056CC}"
EndProject
Global
	GlobalSection(SolutionConfigurationPlatforms) = preSolution
		Debug|Any CPU = Debug|Any CPU
		Release|Any CPU = Release|Any CPU
	EndGlobalSection
	GlobalSection(ProjectConfigurationPlatforms) = postSolution
		{5112BEA9-C3DA-4B6E-83B9-7E52B27056CC}.Debug|Any CPU.ActiveCfg = Debug|Any CPU
		{5112BEA9-C3DA-4B6E-83B9-7E52B27056CC}.Debug|Any CPU.Build.0 = Debug|Any CPU
		{5112BEA9-C3DA-4B6E-83B9-7E52B27056CC}.Release|Any CPU.ActiveCfg = Release|Any CPU
		{5112BEA9-C3DA-4B6E-83B9-7E52B27056CC}.Release|Any CPU.Build.0 = Release|Any CPU
	EndGlobalSection
	GlobalSection(SolutionProperties) = preSolution
		HideSolutionNode = FALSE
	EndGlobalSection
	GlobalSection(ExtensibilityGlobals) = postSolution
		SolutionGuid = {0C8EEB0F-7768-4E56-A49D-A92DEC5E6308}
	EndGlobalSection
EndGlobal
